
Microsoft Visual Studio Solution File, Format Version 12.00
# Visual Studio 14
VisualStudioVersion = 14.0.25420.1
MinimumVisualStudioVersion = 10.0.40219.1
Project("{2150E333-8FDC-42A3-9474-1A3956D46DE8}") = "Solution Items", "Solution Items", "{E7AA95CC-1EAA-4E4B-81BE-CF921C5F219F}"
EndProject
Project("{2150E333-8FDC-42A3-9474-1A3956D46DE8}") = "Assemblies", "Assemblies", "{866CF2EE-574D-49C6-89EB-637B56693D24}"
	ProjectSection(SolutionItems) = preProject
		Assemblies\Microsoft.DebugEngineHost.dll = Assemblies\Microsoft.DebugEngineHost.dll
		Assemblies\Microsoft.MICore.dll = Assemblies\Microsoft.MICore.dll
		Assemblies\Mono.Debugger.Soft_4.0.4.4.dll = Assemblies\Mono.Debugger.Soft_4.0.4.4.dll
		Assemblies\Techl.dll = Assemblies\Techl.dll
	EndProjectSection
EndProject
Project("{FAE04EC0-301F-11D3-BF4B-00C04F79EFBC}") = "MonoTools.VisualStudio", "MonoTools.VisualStudio\MonoTools.VisualStudio.csproj", "{7A273453-436B-4226-BCD4-9D02687944A0}"
EndProject
Project("{FAE04EC0-301F-11D3-BF4B-00C04F79EFBC}") = "MonoTools.Debugger.VsMono", "MonoTools.Debugger.VsMono\MonoTools.Debugger.VsMono.csproj", "{029531D9-6BF8-4D45-B01A-B6D3C53C87E0}"
EndProject
Project("{FAE04EC0-301F-11D3-BF4B-00C04F79EFBC}") = "MonoTools.Build", "MonoTools.Build\MonoTools.Build.csproj", "{7EF3C263-1B7C-4901-8B9C-04350CF446C0}"
EndProject
Project("{FAE04EC0-301F-11D3-BF4B-00C04F79EFBC}") = "MonoTools.Library", "MonoTools.Library\MonoTools.Library.csproj", "{FE76AEE5-C4E3-45ED-AA18-29DF82AB405C}"
EndProject
Project("{FAE04EC0-301F-11D3-BF4B-00C04F79EFBC}") = "MonoTools.Debugger.MonoRemoteDebugger", "MonoTools.Debugger.MonoRemoteDebugger\MonoTools.Debugger.MonoRemoteDebugger.csproj", "{C99840F2-29F7-44FC-A152-3CDD7FC41B21}"
EndProject
Global
	GlobalSection(SolutionConfigurationPlatforms) = preSolution
		Debug|Any CPU = Debug|Any CPU
		Debug|x64 = Debug|x64
		Release|Any CPU = Release|Any CPU
		Release|x64 = Release|x64
	EndGlobalSection
	GlobalSection(ProjectConfigurationPlatforms) = postSolution
		{7A273453-436B-4226-BCD4-9D02687944A0}.Debug|Any CPU.ActiveCfg = Debug|Any CPU
		{7A273453-436B-4226-BCD4-9D02687944A0}.Debug|Any CPU.Build.0 = Debug|Any CPU
		{7A273453-436B-4226-BCD4-9D02687944A0}.Debug|x64.ActiveCfg = Debug|x64
		{7A273453-436B-4226-BCD4-9D02687944A0}.Debug|x64.Build.0 = Debug|x64
		{7A273453-436B-4226-BCD4-9D02687944A0}.Release|Any CPU.ActiveCfg = Release|Any CPU
		{7A273453-436B-4226-BCD4-9D02687944A0}.Release|Any CPU.Build.0 = Release|Any CPU
		{7A273453-436B-4226-BCD4-9D02687944A0}.Release|x64.ActiveCfg = Release|x64
		{7A273453-436B-4226-BCD4-9D02687944A0}.Release|x64.Build.0 = Release|x64
		{029531D9-6BF8-4D45-B01A-B6D3C53C87E0}.Debug|Any CPU.ActiveCfg = Debug|Any CPU
		{029531D9-6BF8-4D45-B01A-B6D3C53C87E0}.Debug|Any CPU.Build.0 = Debug|Any CPU
		{029531D9-6BF8-4D45-B01A-B6D3C53C87E0}.Debug|x64.ActiveCfg = Debug|Any CPU
		{029531D9-6BF8-4D45-B01A-B6D3C53C87E0}.Debug|x64.Build.0 = Debug|Any CPU
		{029531D9-6BF8-4D45-B01A-B6D3C53C87E0}.Release|Any CPU.ActiveCfg = Release|Any CPU
		{029531D9-6BF8-4D45-B01A-B6D3C53C87E0}.Release|Any CPU.Build.0 = Release|Any CPU
		{029531D9-6BF8-4D45-B01A-B6D3C53C87E0}.Release|x64.ActiveCfg = Release|Any CPU
		{029531D9-6BF8-4D45-B01A-B6D3C53C87E0}.Release|x64.Build.0 = Release|Any CPU
		{7EF3C263-1B7C-4901-8B9C-04350CF446C0}.Debug|Any CPU.ActiveCfg = Debug|Any CPU
		{7EF3C263-1B7C-4901-8B9C-04350CF446C0}.Debug|Any CPU.Build.0 = Debug|Any CPU
		{7EF3C263-1B7C-4901-8B9C-04350CF446C0}.Debug|x64.ActiveCfg = Debug|Any CPU
		{7EF3C263-1B7C-4901-8B9C-04350CF446C0}.Debug|x64.Build.0 = Debug|Any CPU
		{7EF3C263-1B7C-4901-8B9C-04350CF446C0}.Release|Any CPU.ActiveCfg = Release|Any CPU
		{7EF3C263-1B7C-4901-8B9C-04350CF446C0}.Release|Any CPU.Build.0 = Release|Any CPU
		{7EF3C263-1B7C-4901-8B9C-04350CF446C0}.Release|x64.ActiveCfg = Release|Any CPU
		{7EF3C263-1B7C-4901-8B9C-04350CF446C0}.Release|x64.Build.0 = Release|Any CPU
		{FE76AEE5-C4E3-45ED-AA18-29DF82AB405C}.Debug|Any CPU.ActiveCfg = Debug|Any CPU
		{FE76AEE5-C4E3-45ED-AA18-29DF82AB405C}.Debug|Any CPU.Build.0 = Debug|Any CPU
		{FE76AEE5-C4E3-45ED-AA18-29DF82AB405C}.Debug|x64.ActiveCfg = Debug|x64
		{FE76AEE5-C4E3-45ED-AA18-29DF82AB405C}.Debug|x64.Build.0 = Debug|x64
		{FE76AEE5-C4E3-45ED-AA18-29DF82AB405C}.Release|Any CPU.ActiveCfg = Release|Any CPU
		{FE76AEE5-C4E3-45ED-AA18-29DF82AB405C}.Release|Any CPU.Build.0 = Release|Any CPU
		{FE76AEE5-C4E3-45ED-AA18-29DF82AB405C}.Release|x64.ActiveCfg = Release|x64
		{FE76AEE5-C4E3-45ED-AA18-29DF82AB405C}.Release|x64.Build.0 = Release|x64
		{C99840F2-29F7-44FC-A152-3CDD7FC41B21}.Debug|Any CPU.ActiveCfg = Debug|Any CPU
		{C99840F2-29F7-44FC-A152-3CDD7FC41B21}.Debug|Any CPU.Build.0 = Debug|Any CPU
		{C99840F2-29F7-44FC-A152-3CDD7FC41B21}.Debug|x64.ActiveCfg = Debug|x64
		{C99840F2-29F7-44FC-A152-3CDD7FC41B21}.Debug|x64.Build.0 = Debug|x64
		{C99840F2-29F7-44FC-A152-3CDD7FC41B21}.Release|Any CPU.ActiveCfg = Release|Any CPU
		{C99840F2-29F7-44FC-A152-3CDD7FC41B21}.Release|Any CPU.Build.0 = Release|Any CPU
		{C99840F2-29F7-44FC-A152-3CDD7FC41B21}.Release|x64.ActiveCfg = Release|x64
		{C99840F2-29F7-44FC-A152-3CDD7FC41B21}.Release|x64.Build.0 = Release|x64
	EndGlobalSection
	GlobalSection(SolutionProperties) = preSolution
		HideSolutionNode = FALSE
	EndGlobalSection
EndGlobal
